PODS:
  - FlutterMacOS (1.0.0)
  - rust_lib_kunlabori (0.0.1):
    - FlutterMacOS

DEPENDENCIES:
  - FlutterMacOS (from `Flutter/ephemeral`)
  - rust_lib_kunlabori (from `Flutter/ephemeral/.symlinks/plugins/rust_lib_kunlabori/macos`)

EXTERNAL SOURCES:
  FlutterMacOS:
    :path: Flutter/ephemeral
  rust_lib_kunlabori:
    :path: Flutter/ephemeral/.symlinks/plugins/rust_lib_kunlabori/macos

SPEC CHECKSUMS:
  FlutterMacOS: d0db08ddef1a9af05a5ec4b724367152bb0500b1
  rust_lib_kunlabori: 6fa20d9b9218b167a2543832f0821c86ef9de5aa

PODFILE CHECKSUM: 54d867c82ac51cbd61b565781b9fada492027009

COCOAPODS: 1.16.2
