PODS:
  - Flutter (1.0.0)
  - integration_test (0.0.1):
    - Flutter
  - rust_lib_kunlabori (0.0.1):
    - Flutter

DEPENDENCIES:
  - Flutter (from `Flutter`)
  - integration_test (from `.symlinks/plugins/integration_test/ios`)
  - rust_lib_kunlabori (from `.symlinks/plugins/rust_lib_kunlabori/ios`)

EXTERNAL SOURCES:
  Flutter:
    :path: Flutter
  integration_test:
    :path: ".symlinks/plugins/integration_test/ios"
  rust_lib_kunlabori:
    :path: ".symlinks/plugins/rust_lib_kunlabori/ios"

SPEC CHECKSUMS:
  Flutter: cabc95a1d2626b1b06e7179b784ebcf0c0cde467
  integration_test: 4a889634ef21a45d28d50d622cf412dc6d9f586e
  rust_lib_kunlabori: c953f039fad3da2229a65ebcb7cedb59620d0c5e

PODFILE CHECKSUM: 3c63482e143d1b91d2d2560aee9fb04ecc74ac7e

COCOAPODS: 1.16.2
